{
  "object": {
    "pins": [
      {
        "package": "Dependency",
        "repositoryURL": "file:///tmp/Developer/Dependency",
        "state": {
          "branch": null,
          "revision": "23421ae77385f471d9ab3412849707476b470a12",
          "version": "1.0.0"
        }
      }
    ]
  },
  "version": 1
}
