{
  "object": {
    "pins": [
      {
        "package": "SDGCommandLine",
        "repositoryURL": "https://github.com/SDGGiesbrecht/SDGCommandLine",
        "state": {
          "branch": "swift‐4.1",
          "revision": "9155d4f7efd7a496bf592bfffe4ed449febb5d28",
          "version": null
        }
      },
      {
        "package": "SDGCornerstone",
        "repositoryURL": "https://github.com/SDGGiesbrecht/SDGCornerstone",
        "state": {
          "branch": "swift‐4.1",
          "revision": "82861b7bc96178f7a1930d657f0247a09fe847e0",
          "version": null
        }
      }
    ]
  },
  "version": 1
}
