{
  "object": {
    "pins": [
      {
        "package": "SDGCommandLine",
        "repositoryURL": "https://github.com/SDGGiesbrecht/SDGCommandLine",
        "state": {
          "branch": null,
          "revision": "daf8abbcc551eede145818260c879e338ef62d94",
          "version": "0.1.1"
        }
      },
      {
        "package": "SDGCornerstone",
        "repositoryURL": "https://github.com/SDGGiesbrecht/SDGCornerstone",
        "state": {
          "branch": null,
          "revision": "50a3d10e8614d256448e1f6b4b36fefa20205aa1",
          "version": "0.7.1"
        }
      }
    ]
  },
  "version": 1
}
