{
  "object": {
    "pins": [
      {
        "package": "SDGCommandLine",
        "repositoryURL": "https://github.com/SDGGiesbrecht/SDGCommandLine",
        "state": {
          "branch": null,
          "revision": "ef666de9f5fedb5ab6a89d07fcb1394577805643",
          "version": "0.3.3"
        }
      },
      {
        "package": "SDGCornerstone",
        "repositoryURL": "https://github.com/SDGGiesbrecht/SDGCornerstone",
        "state": {
          "branch": null,
          "revision": "ada8a835c68a09f8db9375ccb001e326b592fdf4",
          "version": "0.10.1"
        }
      },
      {
        "package": "SDGSwift",
        "repositoryURL": "https://github.com/SDGGiesbrecht/SDGSwift",
        "state": {
          "branch": "documentation",
          "revision": "ad579b758cf0d8e380012aae4922118dd8def55d",
          "version": null
        }
      },
      {
        "package": "SwiftPM",
        "repositoryURL": "https://github.com/apple/swift-package-manager",
        "state": {
          "branch": null,
          "revision": "63a01220e93271dc3bf204b9e13dd1aeb2beefee",
          "version": "0.2.0"
        }
      }
    ]
  },
  "version": 1
}
