{
  "object": {
    "pins": [
      {
        "package": "Dependency",
        "repositoryURL": "file:///tmp/Developer/Dependency",
        "state": {
          "branch": null,
          "revision": "846bdf40789c0103a7718224e4a6c2bbdad01c5c",
          "version": "1.0.0"
        }
      }
    ]
  },
  "version": 1
}
