{
  "object": {
    "pins": [
      {
        "package": "Dependency",
        "repositoryURL": "file:///tmp/Developer/Dependency",
        "state": {
          "branch": null,
          "revision": "b89e30f09546c43f70a565a01c6af4da2db26b4f",
          "version": "1.0.0"
        }
      }
    ]
  },
  "version": 1
}
